
Microsoft Visual Studio Solution File, Format Version 12.00
# Visual Studio Version 17
VisualStudioVersion = 17.7.34202.233
MinimumVisualStudioVersion = 10.0.40219.1
Project("{FAE04EC0-301F-11D3-BF4B-00C04F79EFBC}") = "PwC_EcommerceApi", "PwC_EcommerceApi.csproj", "{4201A902-5A97-4EA6-9F70-F1869C35B78A}"
EndProject
Global
	GlobalSection(SolutionConfigurationPlatforms) = preSolution
		Debug|Any CPU = Debug|Any CPU
		Release|Any CPU = Release|Any CPU
	EndGlobalSection
	GlobalSection(ProjectConfigurationPlatforms) = postSolution
		{4201A902-5A97-4EA6-9F70-F1869C35B78A}.Debug|Any CPU.ActiveCfg = Debug|Any CPU
		{4201A902-5A97-4EA6-9F70-F1869C35B78A}.Debug|Any CPU.Build.0 = Debug|Any CPU
		{4201A902-5A97-4EA6-9F70-F1869C35B78A}.Release|Any CPU.ActiveCfg = Release|Any CPU
		{4201A902-5A97-4EA6-9F70-F1869C35B78A}.Release|Any CPU.Build.0 = Release|Any CPU
	EndGlobalSection
	GlobalSection(SolutionProperties) = preSolution
		HideSolutionNode = FALSE
	EndGlobalSection
	GlobalSection(ExtensibilityGlobals) = postSolution
		SolutionGuid = {7D7EF1D0-AD27-4314-930B-DAEA74CF2997}
	EndGlobalSection
EndGlobal
